
Microsoft Visual Studio Solution File, Format Version 12.00
# Visual Studio 2012
Project("{FAE04EC0-301F-11D3-BF4B-00C04F79EFBC}") = "DragonAidWindowsClient", "DragonAidWindowsClient\DragonAidWindowsClient.csproj", "{90FCFDA6-C700-4FF8-9EB9-D8D58A52359F}"
EndProject
Project("{FAE04EC0-301F-11D3-BF4B-00C04F79EFBC}") = "DragonAidLibTest", "DragonAidLibTest\DragonAidLibTest.csproj", "{41F5C267-22EF-4F37-B78C-C2E27407E53F}"
EndProject
Project("{FAE04EC0-301F-11D3-BF4B-00C04F79EFBC}") = "DragonAidLib", "DragonAidLib\DragonAidLib.csproj", "{63CDFF4A-7C4F-42F0-A7F4-8D5D831FA15E}"
EndProject
Project("{FAE04EC0-301F-11D3-BF4B-00C04F79EFBC}") = "DragonCommander", "DragonCommander\DragonCommander.csproj", "{48B90D54-839D-4A69-86D1-14F30D9B6372}"
EndProject
Global
	GlobalSection(SolutionConfigurationPlatforms) = preSolution
		Debug|Any CPU = Debug|Any CPU
		Debug|ARM = Debug|ARM
		Debug|x64 = Debug|x64
		Debug|x86 = Debug|x86
		Release|Any CPU = Release|Any CPU
		Release|ARM = Release|ARM
		Release|x64 = Release|x64
		Release|x86 = Release|x86
	EndGlobalSection
	GlobalSection(ProjectConfigurationPlatforms) = postSolution
		{90FCFDA6-C700-4FF8-9EB9-D8D58A52359F}.Debug|Any CPU.ActiveCfg = Debug|Any CPU
		{90FCFDA6-C700-4FF8-9EB9-D8D58A52359F}.Debug|Any CPU.Build.0 = Debug|Any CPU
		{90FCFDA6-C700-4FF8-9EB9-D8D58A52359F}.Debug|Any CPU.Deploy.0 = Debug|Any CPU
		{90FCFDA6-C700-4FF8-9EB9-D8D58A52359F}.Debug|ARM.ActiveCfg = Debug|ARM
		{90FCFDA6-C700-4FF8-9EB9-D8D58A52359F}.Debug|ARM.Build.0 = Debug|ARM
		{90FCFDA6-C700-4FF8-9EB9-D8D58A52359F}.Debug|ARM.Deploy.0 = Debug|ARM
		{90FCFDA6-C700-4FF8-9EB9-D8D58A52359F}.Debug|x64.ActiveCfg = Debug|x64
		{90FCFDA6-C700-4FF8-9EB9-D8D58A52359F}.Debug|x64.Build.0 = Debug|x64
		{90FCFDA6-C700-4FF8-9EB9-D8D58A52359F}.Debug|x64.Deploy.0 = Debug|x64
		{90FCFDA6-C700-4FF8-9EB9-D8D58A52359F}.Debug|x86.ActiveCfg = Debug|x86
		{90FCFDA6-C700-4FF8-9EB9-D8D58A52359F}.Debug|x86.Build.0 = Debug|x86
		{90FCFDA6-C700-4FF8-9EB9-D8D58A52359F}.Debug|x86.Deploy.0 = Debug|x86
		{90FCFDA6-C700-4FF8-9EB9-D8D58A52359F}.Release|Any CPU.ActiveCfg = Release|Any CPU
		{90FCFDA6-C700-4FF8-9EB9-D8D58A52359F}.Release|Any CPU.Build.0 = Release|Any CPU
		{90FCFDA6-C700-4FF8-9EB9-D8D58A52359F}.Release|Any CPU.Deploy.0 = Release|Any CPU
		{90FCFDA6-C700-4FF8-9EB9-D8D58A52359F}.Release|ARM.ActiveCfg = Release|ARM
		{90FCFDA6-C700-4FF8-9EB9-D8D58A52359F}.Release|ARM.Build.0 = Release|ARM
		{90FCFDA6-C700-4FF8-9EB9-D8D58A52359F}.Release|ARM.Deploy.0 = Release|ARM
		{90FCFDA6-C700-4FF8-9EB9-D8D58A52359F}.Release|x64.ActiveCfg = Release|x64
		{90FCFDA6-C700-4FF8-9EB9-D8D58A52359F}.Release|x64.Build.0 = Release|x64
		{90FCFDA6-C700-4FF8-9EB9-D8D58A52359F}.Release|x64.Deploy.0 = Release|x64
		{90FCFDA6-C700-4FF8-9EB9-D8D58A52359F}.Release|x86.ActiveCfg = Release|x86
		{90FCFDA6-C700-4FF8-9EB9-D8D58A52359F}.Release|x86.Build.0 = Release|x86
		{90FCFDA6-C700-4FF8-9EB9-D8D58A52359F}.Release|x86.Deploy.0 = Release|x86
		{41F5C267-22EF-4F37-B78C-C2E27407E53F}.Debug|Any CPU.ActiveCfg = Debug|Any CPU
		{41F5C267-22EF-4F37-B78C-C2E27407E53F}.Debug|Any CPU.Build.0 = Debug|Any CPU
		{41F5C267-22EF-4F37-B78C-C2E27407E53F}.Debug|Any CPU.Deploy.0 = Debug|Any CPU
		{41F5C267-22EF-4F37-B78C-C2E27407E53F}.Debug|ARM.ActiveCfg = Debug|ARM
		{41F5C267-22EF-4F37-B78C-C2E27407E53F}.Debug|ARM.Build.0 = Debug|ARM
		{41F5C267-22EF-4F37-B78C-C2E27407E53F}.Debug|ARM.Deploy.0 = Debug|ARM
		{41F5C267-22EF-4F37-B78C-C2E27407E53F}.Debug|x64.ActiveCfg = Debug|x64
		{41F5C267-22EF-4F37-B78C-C2E27407E53F}.Debug|x64.Build.0 = Debug|x64
		{41F5C267-22EF-4F37-B78C-C2E27407E53F}.Debug|x64.Deploy.0 = Debug|x64
		{41F5C267-22EF-4F37-B78C-C2E27407E53F}.Debug|x86.ActiveCfg = Debug|x86
		{41F5C267-22EF-4F37-B78C-C2E27407E53F}.Debug|x86.Build.0 = Debug|x86
		{41F5C267-22EF-4F37-B78C-C2E27407E53F}.Debug|x86.Deploy.0 = Debug|x86
		{41F5C267-22EF-4F37-B78C-C2E27407E53F}.Release|Any CPU.ActiveCfg = Release|Any CPU
		{41F5C267-22EF-4F37-B78C-C2E27407E53F}.Release|Any CPU.Build.0 = Release|Any CPU
		{41F5C267-22EF-4F37-B78C-C2E27407E53F}.Release|Any CPU.Deploy.0 = Release|Any CPU
		{41F5C267-22EF-4F37-B78C-C2E27407E53F}.Release|ARM.ActiveCfg = Release|ARM
		{41F5C267-22EF-4F37-B78C-C2E27407E53F}.Release|ARM.Build.0 = Release|ARM
		{41F5C267-22EF-4F37-B78C-C2E27407E53F}.Release|ARM.Deploy.0 = Release|ARM
		{41F5C267-22EF-4F37-B78C-C2E27407E53F}.Release|x64.ActiveCfg = Release|x64
		{41F5C267-22EF-4F37-B78C-C2E27407E53F}.Release|x64.Build.0 = Release|x64
		{41F5C267-22EF-4F37-B78C-C2E27407E53F}.Release|x64.Deploy.0 = Release|x64
		{41F5C267-22EF-4F37-B78C-C2E27407E53F}.Release|x86.ActiveCfg = Release|x86
		{41F5C267-22EF-4F37-B78C-C2E27407E53F}.Release|x86.Build.0 = Release|x86
		{41F5C267-22EF-4F37-B78C-C2E27407E53F}.Release|x86.Deploy.0 = Release|x86
		{63CDFF4A-7C4F-42F0-A7F4-8D5D831FA15E}.Debug|Any CPU.ActiveCfg = Debug|Any CPU
		{63CDFF4A-7C4F-42F0-A7F4-8D5D831FA15E}.Debug|Any CPU.Build.0 = Debug|Any CPU
		{63CDFF4A-7C4F-42F0-A7F4-8D5D831FA15E}.Debug|ARM.ActiveCfg = Debug|Any CPU
		{63CDFF4A-7C4F-42F0-A7F4-8D5D831FA15E}.Debug|x64.ActiveCfg = Debug|Any CPU
		{63CDFF4A-7C4F-42F0-A7F4-8D5D831FA15E}.Debug|x86.ActiveCfg = Debug|Any CPU
		{63CDFF4A-7C4F-42F0-A7F4-8D5D831FA15E}.Release|Any CPU.ActiveCfg = Release|Any CPU
		{63CDFF4A-7C4F-42F0-A7F4-8D5D831FA15E}.Release|Any CPU.Build.0 = Release|Any CPU
		{63CDFF4A-7C4F-42F0-A7F4-8D5D831FA15E}.Release|ARM.ActiveCfg = Release|Any CPU
		{63CDFF4A-7C4F-42F0-A7F4-8D5D831FA15E}.Release|x64.ActiveCfg = Release|Any CPU
		{63CDFF4A-7C4F-42F0-A7F4-8D5D831FA15E}.Release|x86.ActiveCfg = Release|Any CPU
		{48B90D54-839D-4A69-86D1-14F30D9B6372}.Debug|Any CPU.ActiveCfg = Debug|Any CPU
		{48B90D54-839D-4A69-86D1-14F30D9B6372}.Debug|Any CPU.Build.0 = Debug|Any CPU
		{48B90D54-839D-4A69-86D1-14F30D9B6372}.Debug|ARM.ActiveCfg = Debug|Any CPU
		{48B90D54-839D-4A69-86D1-14F30D9B6372}.Debug|x64.ActiveCfg = Debug|Any CPU
		{48B90D54-839D-4A69-86D1-14F30D9B6372}.Debug|x86.ActiveCfg = Debug|Any CPU
		{48B90D54-839D-4A69-86D1-14F30D9B6372}.Release|Any CPU.ActiveCfg = Release|Any CPU
		{48B90D54-839D-4A69-86D1-14F30D9B6372}.Release|Any CPU.Build.0 = Release|Any CPU
		{48B90D54-839D-4A69-86D1-14F30D9B6372}.Release|ARM.ActiveCfg = Release|Any CPU
		{48B90D54-839D-4A69-86D1-14F30D9B6372}.Release|x64.ActiveCfg = Release|Any CPU
		{48B90D54-839D-4A69-86D1-14F30D9B6372}.Release|x86.ActiveCfg = Release|Any CPU
	EndGlobalSection
	GlobalSection(SolutionProperties) = preSolution
		HideSolutionNode = FALSE
	EndGlobalSection
EndGlobal
